
Microsoft Visual Studio Solution File, Format Version 11.00
# Visual Studio 2010
Project("{8BC9CEB8-8B4A-11D0-8D11-00A0C91BC942}") = "State2", "State2\State2.vcxproj", "{B990BFAA-60DA-4498-9B84-100E98CAA9D0}"
EndProject
Global
	GlobalSection(SolutionConfigurationPlatforms) = preSolution
		Debug|Win32 = Debug|Win32
		Release|Win32 = Release|Win32
	EndGlobalSection
	GlobalSection(ProjectConfigurationPlatforms) = postSolution
		{B990BFAA-60DA-4498-9B84-100E98CAA9D0}.Debug|Win32.ActiveCfg = Debug|Win32
		{B990BFAA-60DA-4498-9B84-100E98CAA9D0}.Debug|Win32.Build.0 = Debug|Win32
		{B990BFAA-60DA-4498-9B84-100E98CAA9D0}.Release|Win32.ActiveCfg = Release|Win32
		{B990BFAA-60DA-4498-9B84-100E98CAA9D0}.Release|Win32.Build.0 = Release|Win32
	EndGlobalSection
	GlobalSection(SolutionProperties) = preSolution
		HideSolutionNode = FALSE
	EndGlobalSection
EndGlobal
