
Microsoft Visual Studio Solution File, Format Version 11.00
# Visual Studio 2010
Project("{8BC9CEB8-8B4A-11D0-8D11-00A0C91BC942}") = "Decorator2", "Decorator2\Decorator2.vcxproj", "{DEF35687-2156-4470-880C-26BF3D4C604F}"
EndProject
Global
	GlobalSection(SolutionConfigurationPlatforms) = preSolution
		Debug|Win32 = Debug|Win32
		Release|Win32 = Release|Win32
	EndGlobalSection
	GlobalSection(ProjectConfigurationPlatforms) = postSolution
		{DEF35687-2156-4470-880C-26BF3D4C604F}.Debug|Win32.ActiveCfg = Debug|Win32
		{DEF35687-2156-4470-880C-26BF3D4C604F}.Debug|Win32.Build.0 = Debug|Win32
		{DEF35687-2156-4470-880C-26BF3D4C604F}.Release|Win32.ActiveCfg = Release|Win32
		{DEF35687-2156-4470-880C-26BF3D4C604F}.Release|Win32.Build.0 = Release|Win32
	EndGlobalSection
	GlobalSection(SolutionProperties) = preSolution
		HideSolutionNode = FALSE
	EndGlobalSection
EndGlobal
