
Microsoft Visual Studio Solution File, Format Version 11.00
# Visual Studio 2010
Project("{8BC9CEB8-8B4A-11D0-8D11-00A0C91BC942}") = "eg1", "eg1\eg1.vcxproj", "{6CBDE4C0-7E64-4EDF-968A-4F5361777A34}"
EndProject
Global
	GlobalSection(SolutionConfigurationPlatforms) = preSolution
		Debug|Win32 = Debug|Win32
		Release|Win32 = Release|Win32
	EndGlobalSection
	GlobalSection(ProjectConfigurationPlatforms) = postSolution
		{6CBDE4C0-7E64-4EDF-968A-4F5361777A34}.Debug|Win32.ActiveCfg = Debug|Win32
		{6CBDE4C0-7E64-4EDF-968A-4F5361777A34}.Debug|Win32.Build.0 = Debug|Win32
		{6CBDE4C0-7E64-4EDF-968A-4F5361777A34}.Release|Win32.ActiveCfg = Release|Win32
		{6CBDE4C0-7E64-4EDF-968A-4F5361777A34}.Release|Win32.Build.0 = Release|Win32
	EndGlobalSection
	GlobalSection(SolutionProperties) = preSolution
		HideSolutionNode = FALSE
	EndGlobalSection
EndGlobal
