
Microsoft Visual Studio Solution File, Format Version 11.00
# Visual Studio 2010
Project("{8BC9CEB8-8B4A-11D0-8D11-00A0C91BC942}") = "FactoryMethod2", "FactoryMethod2\FactoryMethod2.vcxproj", "{614123F4-0105-406F-A3E3-AD0061AE3F32}"
EndProject
Global
	GlobalSection(SolutionConfigurationPlatforms) = preSolution
		Debug|Win32 = Debug|Win32
		Release|Win32 = Release|Win32
	EndGlobalSection
	GlobalSection(ProjectConfigurationPlatforms) = postSolution
		{614123F4-0105-406F-A3E3-AD0061AE3F32}.Debug|Win32.ActiveCfg = Debug|Win32
		{614123F4-0105-406F-A3E3-AD0061AE3F32}.Debug|Win32.Build.0 = Debug|Win32
		{614123F4-0105-406F-A3E3-AD0061AE3F32}.Release|Win32.ActiveCfg = Release|Win32
		{614123F4-0105-406F-A3E3-AD0061AE3F32}.Release|Win32.Build.0 = Release|Win32
	EndGlobalSection
	GlobalSection(SolutionProperties) = preSolution
		HideSolutionNode = FALSE
	EndGlobalSection
EndGlobal
