
Microsoft Visual Studio Solution File, Format Version 11.00
# Visual Studio 2010
Project("{8BC9CEB8-8B4A-11D0-8D11-00A0C91BC942}") = "Adapter2", "Adapter2\Adapter2.vcxproj", "{CC8EE8CF-5FB5-46C2-92EF-8C0C1C61B651}"
EndProject
Global
	GlobalSection(SolutionConfigurationPlatforms) = preSolution
		Debug|Win32 = Debug|Win32
		Release|Win32 = Release|Win32
	EndGlobalSection
	GlobalSection(ProjectConfigurationPlatforms) = postSolution
		{CC8EE8CF-5FB5-46C2-92EF-8C0C1C61B651}.Debug|Win32.ActiveCfg = Debug|Win32
		{CC8EE8CF-5FB5-46C2-92EF-8C0C1C61B651}.Debug|Win32.Build.0 = Debug|Win32
		{CC8EE8CF-5FB5-46C2-92EF-8C0C1C61B651}.Release|Win32.ActiveCfg = Release|Win32
		{CC8EE8CF-5FB5-46C2-92EF-8C0C1C61B651}.Release|Win32.Build.0 = Release|Win32
	EndGlobalSection
	GlobalSection(SolutionProperties) = preSolution
		HideSolutionNode = FALSE
	EndGlobalSection
EndGlobal
